
Microsoft Visual Studio Solution File, Format Version 12.00
# Visual Studio 15
VisualStudioVersion = 15.0.26430.13
MinimumVisualStudioVersion = 10.0.40219.1
Project("{2150E333-8FDC-42A3-9474-1A3956D46DE8}") = "Server", "Server", "{6C3430F9-DB50-4C08-89DD-BEABCEC408BD}"
EndProject
Project("{2150E333-8FDC-42A3-9474-1A3956D46DE8}") = "Client", "Client", "{E3696204-B4F4-4E94-BC72-38D4D19A2CCC}"
EndProject
Project("{9A19103F-16F7-4668-BE54-9A1E7A4F7556}") = "RpsServer", "RpsServer\RpsServer.csproj", "{91822826-B1A7-40DD-AFD4-CC5999B60F13}"
EndProject
Project("{9A19103F-16F7-4668-BE54-9A1E7A4F7556}") = "RpsServer.Tests", "RpsServer.Tests\RpsServer.Tests.csproj", "{530D9614-13A5-493B-A9D0-651F0C16F643}"
EndProject
Global
	GlobalSection(SolutionConfigurationPlatforms) = preSolution
		Debug|Any CPU = Debug|Any CPU
		Release|Any CPU = Release|Any CPU
	EndGlobalSection
	GlobalSection(ProjectConfigurationPlatforms) = postSolution
		{91822826-B1A7-40DD-AFD4-CC5999B60F13}.Debug|Any CPU.ActiveCfg = Debug|Any CPU
		{91822826-B1A7-40DD-AFD4-CC5999B60F13}.Debug|Any CPU.Build.0 = Debug|Any CPU
		{91822826-B1A7-40DD-AFD4-CC5999B60F13}.Release|Any CPU.ActiveCfg = Release|Any CPU
		{91822826-B1A7-40DD-AFD4-CC5999B60F13}.Release|Any CPU.Build.0 = Release|Any CPU
		{530D9614-13A5-493B-A9D0-651F0C16F643}.Debug|Any CPU.ActiveCfg = Debug|Any CPU
		{530D9614-13A5-493B-A9D0-651F0C16F643}.Debug|Any CPU.Build.0 = Debug|Any CPU
		{530D9614-13A5-493B-A9D0-651F0C16F643}.Release|Any CPU.ActiveCfg = Release|Any CPU
		{530D9614-13A5-493B-A9D0-651F0C16F643}.Release|Any CPU.Build.0 = Release|Any CPU
	EndGlobalSection
	GlobalSection(SolutionProperties) = preSolution
		HideSolutionNode = FALSE
	EndGlobalSection
	GlobalSection(NestedProjects) = preSolution
		{91822826-B1A7-40DD-AFD4-CC5999B60F13} = {6C3430F9-DB50-4C08-89DD-BEABCEC408BD}
		{530D9614-13A5-493B-A9D0-651F0C16F643} = {6C3430F9-DB50-4C08-89DD-BEABCEC408BD}
	EndGlobalSection
EndGlobal
